dependencies:
- name: anythingllm-proxy
  repository: file://../proxy
  version: 1.0.1
- name: anythingllm
  repository: file://../anythingllm
  version: 0.1.0
- name: weaviate
  repository: file://../weaviate
  version: 0.2.0
digest: sha256:515b7003af0d78beb1f74fe080b563853cc3a3b240bac39a959698fae6a7072f
generated: "2026-02-06T16:05:02.0979458-05:00"
